
Microsoft Visual Studio Solution File, Format Version 12.00
# Visual Studio Version 16
VisualStudioVersion = 16.0.30717.126
MinimumVisualStudioVersion = 10.0.40219.1
Project("{FAE04EC0-301F-11D3-BF4B-00C04F79EFBC}") = "Send.Api", "Send.Api\Send.Api.csproj", "{73D50E68-7A1D-4305-A2A3-9071F260B59B}"
EndProject
Project("{FAE04EC0-301F-11D3-BF4B-00C04F79EFBC}") = "Send.Domain", "Send.Domain\Send.Domain.csproj", "{E4BBB944-D088-44F6-823F-12B04D8FC9CA}"
EndProject
Project("{FAE04EC0-301F-11D3-BF4B-00C04F79EFBC}") = "Send.Domain.Tests", "Send.Domain.Tests\Send.Domain.Tests.csproj", "{0ECA4A79-C6ED-4599-ADFC-6A7CD3B761A3}"
EndProject
Global
	GlobalSection(SolutionConfigurationPlatforms) = preSolution
		Debug|Any CPU = Debug|Any CPU
		Release|Any CPU = Release|Any CPU
	EndGlobalSection
	GlobalSection(ProjectConfigurationPlatforms) = postSolution
		{73D50E68-7A1D-4305-A2A3-9071F260B59B}.Debug|Any CPU.ActiveCfg = Debug|Any CPU
		{73D50E68-7A1D-4305-A2A3-9071F260B59B}.Debug|Any CPU.Build.0 = Debug|Any CPU
		{73D50E68-7A1D-4305-A2A3-9071F260B59B}.Release|Any CPU.ActiveCfg = Release|Any CPU
		{73D50E68-7A1D-4305-A2A3-9071F260B59B}.Release|Any CPU.Build.0 = Release|Any CPU
		{E4BBB944-D088-44F6-823F-12B04D8FC9CA}.Debug|Any CPU.ActiveCfg = Debug|Any CPU
		{E4BBB944-D088-44F6-823F-12B04D8FC9CA}.Debug|Any CPU.Build.0 = Debug|Any CPU
		{E4BBB944-D088-44F6-823F-12B04D8FC9CA}.Release|Any CPU.ActiveCfg = Release|Any CPU
		{E4BBB944-D088-44F6-823F-12B04D8FC9CA}.Release|Any CPU.Build.0 = Release|Any CPU
		{0ECA4A79-C6ED-4599-ADFC-6A7CD3B761A3}.Debug|Any CPU.ActiveCfg = Debug|Any CPU
		{0ECA4A79-C6ED-4599-ADFC-6A7CD3B761A3}.Debug|Any CPU.Build.0 = Debug|Any CPU
		{0ECA4A79-C6ED-4599-ADFC-6A7CD3B761A3}.Release|Any CPU.ActiveCfg = Release|Any CPU
		{0ECA4A79-C6ED-4599-ADFC-6A7CD3B761A3}.Release|Any CPU.Build.0 = Release|Any CPU
	EndGlobalSection
	GlobalSection(SolutionProperties) = preSolution
		HideSolutionNode = FALSE
	EndGlobalSection
	GlobalSection(ExtensibilityGlobals) = postSolution
		SolutionGuid = {10022F2B-90B8-48BA-9CBE-38D285E8CCDC}
	EndGlobalSection
EndGlobal
